Microsoft Visual Studio Solution File, Format Version 12.00
# Visual Studio Version 17
VisualStudioVersion = 17.5.2.0
MinimumVisualStudioVersion = 10.0.40219.1
Project("{FAE04EC0-301F-11D3-BF4B-00C04F79EFBC}") = "CheckInApp", "CheckInApp.csproj", "{F308AD8E-41C2-7988-773C-CA08968C60BD}"
EndProject
Project("{FAE04EC0-301F-11D3-BF4B-00C04F79EFBC}") = "CheckInApp.Tests", "CheckInApp.Tests\CheckInApp.Tests.csproj", "{2E39E69E-3ADC-DBBD-9370-12C43C7EE0D7}"
EndProject
Global
	GlobalSection(SolutionConfigurationPlatforms) = preSolution
		Debug|Any CPU = Debug|Any CPU
		Release|Any CPU = Release|Any CPU
	EndGlobalSection
	GlobalSection(ProjectConfigurationPlatforms) = postSolution
		{F308AD8E-41C2-7988-773C-CA08968C60BD}.Debug|Any CPU.ActiveCfg = Debug|Any CPU
		{F308AD8E-41C2-7988-773C-CA08968C60BD}.Debug|Any CPU.Build.0 = Debug|Any CPU
		{F308AD8E-41C2-7988-773C-CA08968C60BD}.Release|Any CPU.ActiveCfg = Release|Any CPU
		{F308AD8E-41C2-7988-773C-CA08968C60BD}.Release|Any CPU.Build.0 = Release|Any CPU
		{2E39E69E-3ADC-DBBD-9370-12C43C7EE0D7}.Debug|Any CPU.ActiveCfg = Debug|Any CPU
		{2E39E69E-3ADC-DBBD-9370-12C43C7EE0D7}.Debug|Any CPU.Build.0 = Debug|Any CPU
		{2E39E69E-3ADC-DBBD-9370-12C43C7EE0D7}.Release|Any CPU.ActiveCfg = Release|Any CPU
		{2E39E69E-3ADC-DBBD-9370-12C43C7EE0D7}.Release|Any CPU.Build.0 = Release|Any CPU
	EndGlobalSection
	GlobalSection(SolutionProperties) = preSolution
		HideSolutionNode = FALSE
	EndGlobalSection
	GlobalSection(ExtensibilityGlobals) = postSolution
		SolutionGuid = {790F2C0D-F367-40A8-8516-D8972AA90A12}
	EndGlobalSection
EndGlobal
